
Microsoft Visual Studio Solution File, Format Version 12.00
# Visual Studio Version 17
VisualStudioVersion = 17.2.32505.173
MinimumVisualStudioVersion = 10.0.40219.1
Project("{FAE04EC0-301F-11D3-BF4B-00C04F79EFBC}") = "PatientMonitoring", "PatientMonitoring\PatientMonitoring.csproj", "{D8DB6AE5-689B-4AA9-8FB2-318F05E4CC57}"
EndProject
Global
	GlobalSection(SolutionConfigurationPlatforms) = preSolution
		Debug|Any CPU = Debug|Any CPU
		Release|Any CPU = Release|Any CPU
	EndGlobalSection
	GlobalSection(ProjectConfigurationPlatforms) = postSolution
		{D8DB6AE5-689B-4AA9-8FB2-318F05E4CC57}.Debug|Any CPU.ActiveCfg = Debug|Any CPU
		{D8DB6AE5-689B-4AA9-8FB2-318F05E4CC57}.Debug|Any CPU.Build.0 = Debug|Any CPU
		{D8DB6AE5-689B-4AA9-8FB2-318F05E4CC57}.Release|Any CPU.ActiveCfg = Release|Any CPU
		{D8DB6AE5-689B-4AA9-8FB2-318F05E4CC57}.Release|Any CPU.Build.0 = Release|Any CPU
	EndGlobalSection
	GlobalSection(SolutionProperties) = preSolution
		HideSolutionNode = FALSE
	EndGlobalSection
	GlobalSection(ExtensibilityGlobals) = postSolution
		SolutionGuid = {19F72FA1-F31C-425F-95CE-97BF1EB49575}
	EndGlobalSection
EndGlobal
